{
  "nodes": {
    "cadquery-src": {
      "flake": false,
      "locked": {
        "lastModified": 1720025311,
        "narHash": "sha256-l0Plh/pC3QIGe2o/kSSGyMQ9di2G+BaPZCpXggnK/H4=",
        "owner": "CadQuery",
        "repo": "cadquery",
        "rev": "9ee703da3498ea375fdc6d8054bee1cbcd325535",
        "type": "github"
      },
      "original": {
        "owner": "CadQuery",
        "repo": "cadquery",
        "rev": "9ee703da3498ea375fdc6d8054bee1cbcd325535",
        "type": "github"
      }
    },
    "cq-editor-src": {
      "flake": false,
      "locked": {
        "lastModified": 1718521352,
        "narHash": "sha256-3mF7LP3tt16WNfOqUezLJr3KLx/1Yc3bF9PnIY4mcqw=",
        "owner": "CadQuery",
        "repo": "CQ-editor",
        "rev": "c9f9cbd000496e0045a56763db883211a6f9a5e5",
        "type": "github"
      },
      "original": {
        "owner": "CadQuery",
        "repo": "CQ-editor",
        "rev": "c9f9cbd000496e0045a56763db883211a6f9a5e5",
        "type": "github"
      }
    },
    "flake-utils": {
      "inputs": {
        "systems": "systems"
      },
      "locked": {
        "lastModified": 1710146030,
        "narHash": "sha256-SZ5L6eA7HJ/nmkzGG7/ISclqe6oZdOZTNoesiInkXPQ=",
        "owner": "numtide",
        "repo": "flake-utils",
        "rev": "b1d9ab70662946ef0850d488da1c9019f3a9752a",
        "type": "github"
      },
      "original": {
        "owner": "numtide",
        "repo": "flake-utils",
        "type": "github"
      }
    },
    "nixpkgs": {
      "locked": {
        "lastModified": 1720418205,
        "narHash": "sha256-cPJoFPXU44GlhWg4pUk9oUPqurPlCFZ11ZQPk21GTPU=",
        "owner": "NixOS",
        "repo": "nixpkgs",
        "rev": "655a58a72a6601292512670343087c2d75d859c1",
        "type": "github"
      },
      "original": {
        "owner": "NixOS",
        "ref": "nixos-unstable",
        "repo": "nixpkgs",
        "type": "github"
      }
    },
    "ocp-src": {
      "flake": false,
      "locked": {
        "lastModified": 1718121292,
        "narHash": "sha256-7LbX45SUZcYJBQF/Dkbuqd84HH0PCxLp3ZATVCL8rAc=",
        "owner": "cadquery",
        "repo": "ocp",
        "rev": "74b0dc035d81a4d421673875024016cb5c138398",
        "type": "github"
      },
      "original": {
        "owner": "cadquery",
        "repo": "ocp",
        "rev": "74b0dc035d81a4d421673875024016cb5c138398",
        "type": "github"
      }
    },
    "ocp-stubs-src": {
      "flake": false,
      "locked": {
        "lastModified": 1672527176,
        "narHash": "sha256-m9Rg36GYlYfwEfF0PQJWEXf8TyM5HmjeuhJCODiurvY=",
        "owner": "cadquery",
        "repo": "ocp-stubs",
        "rev": "e838ff400d5ee2f4a0579d2a713b19311855288f",
        "type": "github"
      },
      "original": {
        "owner": "cadquery",
        "repo": "ocp-stubs",
        "rev": "e838ff400d5ee2f4a0579d2a713b19311855288f",
        "type": "github"
      }
    },
    "pybind11-stubgen-src": {
      "flake": false,
      "locked": {
        "lastModified": 1672527176,
        "narHash": "sha256-m9Rg36GYlYfwEfF0PQJWEXf8TyM5HmjeuhJCODiurvY=",
        "owner": "CadQuery",
        "repo": "pybind11-stubgen",
        "rev": "e838ff400d5ee2f4a0579d2a713b19311855288f",
        "type": "github"
      },
      "original": {
        "owner": "CadQuery",
        "repo": "pybind11-stubgen",
        "rev": "e838ff400d5ee2f4a0579d2a713b19311855288f",
        "type": "github"
      }
    },
    "pywrap-src": {
      "flake": false,
      "locked": {
        "lastModified": 1718099499,
        "narHash": "sha256-XiAMQthSSp2TvbrBwuZBc6Sa4VEHnMttagyjHsvMWQs=",
        "owner": "CadQuery",
        "repo": "pywrap",
        "rev": "977faad67b813ba08b799af1f43d8ade881e5bc1",
        "type": "github"
      },
      "original": {
        "owner": "CadQuery",
        "repo": "pywrap",
        "rev": "977faad67b813ba08b799af1f43d8ade881e5bc1",
        "type": "github"
      }
    },
    "root": {
      "inputs": {
        "cadquery-src": "cadquery-src",
        "cq-editor-src": "cq-editor-src",
        "flake-utils": "flake-utils",
        "nixpkgs": "nixpkgs",
        "ocp-src": "ocp-src",
        "ocp-stubs-src": "ocp-stubs-src",
        "pybind11-stubgen-src": "pybind11-stubgen-src",
        "pywrap-src": "pywrap-src"
      }
    },
    "systems": {
      "locked": {
        "lastModified": 1681028828,
        "narHash": "sha256-Vy1rq5AaRuLzOxct8nz4T6wlgyUR7zLU309k9mBC768=",
        "owner": "nix-systems",
        "repo": "default",
        "rev": "da67096a3b9bf56a91d16901293e51ba5b49a27e",
        "type": "github"
      },
      "original": {
        "owner": "nix-systems",
        "repo": "default",
        "type": "github"
      }
    }
  },
  "root": "root",
  "version": 7
}
